
Microsoft Visual Studio Solution File, Format Version 12.00
# Visual Studio Version 17
VisualStudioVersion = 17.5.33502.453
MinimumVisualStudioVersion = 10.0.40219.1
Project("{FAE04EC0-301F-11D3-BF4B-00C04F79EFBC}") = "102210219_PhanThanhNgan_De02", "102210219_PhanThanhNgan_De02\102210219_PhanThanhNgan_De02.csproj", "{2717ACE9-D80D-432A-A685-481F009FE7DD}"
EndProject
Global
	GlobalSection(SolutionConfigurationPlatforms) = preSolution
		Debug|Any CPU = Debug|Any CPU
		Release|Any CPU = Release|Any CPU
	EndGlobalSection
	GlobalSection(ProjectConfigurationPlatforms) = postSolution
		{2717ACE9-D80D-432A-A685-481F009FE7DD}.Debug|Any CPU.ActiveCfg = Debug|Any CPU
		{2717ACE9-D80D-432A-A685-481F009FE7DD}.Debug|Any CPU.Build.0 = Debug|Any CPU
		{2717ACE9-D80D-432A-A685-481F009FE7DD}.Release|Any CPU.ActiveCfg = Release|Any CPU
		{2717ACE9-D80D-432A-A685-481F009FE7DD}.Release|Any CPU.Build.0 = Release|Any CPU
	EndGlobalSection
	GlobalSection(SolutionProperties) = preSolution
		HideSolutionNode = FALSE
	EndGlobalSection
	GlobalSection(ExtensibilityGlobals) = postSolution
		SolutionGuid = {92F5B0D2-F057-470B-8228-E4E9FDA90249}
	EndGlobalSection
EndGlobal
